
Microsoft Visual Studio Solution File, Format Version 12.00
# Visual Studio Version 16
VisualStudioVersion = 16.0.31702.278
MinimumVisualStudioVersion = 10.0.40219.1
Project("{FAE04EC0-301F-11D3-BF4B-00C04F79EFBC}") = "Course_Registration", "Course_Registration.csproj", "{0D09D594-1088-45B3-9F00-6CF15ACAF674}"
EndProject
Global
	GlobalSection(SolutionConfigurationPlatforms) = preSolution
		Debug|Any CPU = Debug|Any CPU
		Release|Any CPU = Release|Any CPU
	EndGlobalSection
	GlobalSection(ProjectConfigurationPlatforms) = postSolution
		{0D09D594-1088-45B3-9F00-6CF15ACAF674}.Debug|Any CPU.ActiveCfg = Debug|Any CPU
		{0D09D594-1088-45B3-9F00-6CF15ACAF674}.Debug|Any CPU.Build.0 = Debug|Any CPU
		{0D09D594-1088-45B3-9F00-6CF15ACAF674}.Release|Any CPU.ActiveCfg = Release|Any CPU
		{0D09D594-1088-45B3-9F00-6CF15ACAF674}.Release|Any CPU.Build.0 = Release|Any CPU
	EndGlobalSection
	GlobalSection(SolutionProperties) = preSolution
		HideSolutionNode = FALSE
	EndGlobalSection
	GlobalSection(ExtensibilityGlobals) = postSolution
		SolutionGuid = {24D10BF4-C6FC-4B9A-80B9-F00187506B69}
	EndGlobalSection
EndGlobal
